
Microsoft Visual Studio Solution File, Format Version 12.00
# Visual Studio Version 17
VisualStudioVersion = 17.5.002.0
MinimumVisualStudioVersion = 10.0.40219.1
Project("{9A19103F-16F7-4668-BE54-9A1E7A4F7556}") = "API-Desafio", "API-Desafio.csproj", "{F0EAC801-9B4C-4D32-A623-589967B5010A}"
EndProject
Global
	GlobalSection(SolutionConfigurationPlatforms) = preSolution
		Debug|Any CPU = Debug|Any CPU
		Release|Any CPU = Release|Any CPU
	EndGlobalSection
	GlobalSection(ProjectConfigurationPlatforms) = postSolution
		{F0EAC801-9B4C-4D32-A623-589967B5010A}.Debug|Any CPU.ActiveCfg = Debug|Any CPU
		{F0EAC801-9B4C-4D32-A623-589967B5010A}.Debug|Any CPU.Build.0 = Debug|Any CPU
		{F0EAC801-9B4C-4D32-A623-589967B5010A}.Release|Any CPU.ActiveCfg = Release|Any CPU
		{F0EAC801-9B4C-4D32-A623-589967B5010A}.Release|Any CPU.Build.0 = Release|Any CPU
	EndGlobalSection
	GlobalSection(SolutionProperties) = preSolution
		HideSolutionNode = FALSE
	EndGlobalSection
	GlobalSection(ExtensibilityGlobals) = postSolution
		SolutionGuid = {5F3EC0C7-8F45-47CA-9064-19F0147137A7}
	EndGlobalSection
EndGlobal
